// !$*UTF8*$!
{
	archiveVersion = 1;
	classes = {
	};
	objectVersion = 46;
	objects = {

/* Begin PBXBuildFile section */
		8E08C5591B7B118E00CA803E /* main.m in Sources */ = {isa = PBXBuildFile; fileRef = 8E08C5581B7B118E00CA803E /* main.m */; };
		8E08C55C1B7B118E00CA803E /* AppDelegate.m in Sources */ = {isa = PBXBuildFile; fileRef = 8E08C55B1B7B118E00CA803E /* AppDelegate.m */; };
		8E08C55F1B7B118E00CA803E /* ViewController.m in Sources */ = {isa = PBXBuildFile; fileRef = 8E08C55E1B7B118E00CA803E /* ViewController.m */; };
		8E08C5621B7B118E00CA803E /* Main.storyboard in Resources */ = {isa = PBXBuildFile; fileRef = 8E08C5601B7B118E00CA803E /* Main.storyboard */; };
		8E08C5641B7B118E00CA803E /* Images.xcassets in Resources */ = {isa = PBXBuildFile; fileRef = 8E08C5631B7B118E00CA803E /* Images.xcassets */; };
		8E08C5671B7B118E00CA803E /* LaunchScreen.xib in Resources */ = {isa = PBXBuildFile; fileRef = 8E08C5651B7B118E00CA803E /* LaunchScreen.xib */; };
		8E08C5731B7B118E00CA803E /* NewReachableTestTests.m in Sources */ = {isa = PBXBuildFile; fileRef = 8E08C5721B7B118E00CA803E /* NewReachableTestTests.m */; };
/* End PBXBuildFile section */

/* Begin PBXContainerItemProxy section */
		8E08C56D1B7B118E00CA803E /* PBXContainerItemProxy */ = {
			isa = PBXContainerItemProxy;
			containerPortal = 8E08C54B1B7B118D00CA803E /* Project object */;
			proxyType = 1;
			remoteGlobalIDString = 8E08C5521B7B118E00CA803E;
			remoteInfo = NewReachableTest;
		};
/* End PBXContainerItemProxy section */

/* Begin PBXFileReference section */
		8E08C5531B7B118E00CA803E /* NewReachableTest.app */ = {isa = PBXFileReference; explicitFileType = wrapper.application; includeInIndex = 0; path = NewReachableTest.app; sourceTree = BUILT_PRODUCTS_DIR; };
		8E08C5571B7B118E00CA803E /* Info.plist */ = {isa = PBXFileReference; lastKnownFileType = text.plist.xml; path = Info.plist; sourceTree = "<group>"; };
		8E08C5581B7B118E00CA803E /* main.m */ = {isa = PBXFileReference; lastKnownFileType = sourcecode.c.objc; path = main.m; sourceTree = "<group>"; };
		8E08C55A1B7B118E00CA803E /* AppDelegate.h */ = {isa = PBXFileReference; lastKnownFileType = sourcecode.c.h; path = AppDelegate.h; sourceTree = "<group>"; };
		8E08C55B1B7B118E00CA803E /* AppDelegate.m */ = {isa = PBXFileReference; lastKnownFileType = sourcecode.c.objc; path = AppDelegate.m; sourceTree = "<group>"; };
		8E08C55D1B7B118E00CA803E /* ViewController.h */ = {isa = PBXFileReference; lastKnownFileType = sourcecode.c.h; path = ViewController.h; sourceTree = "<group>"; };
		8E08C55E1B7B118E00CA803E /* ViewController.m */ = {isa = PBXFileReference; lastKnownFileType = sourcecode.c.objc; path = ViewController.m; sourceTree = "<group>"; };
		8E08C5611B7B118E00CA803E /* Base */ = {isa = PBXFileReference; lastKnownFileType = file.storyboard; name = Base; path = Base.lproj/Main.storyboard; sourceTree = "<group>"; };
		8E08C5631B7B118E00CA803E /* Images.xcassets */ = {isa = PBXFileReference; lastKnownFileType = folder.assetcatalog; path = Images.xcassets; sourceTree = "<group>"; };
		8E08C5661B7B118E00CA803E /* Base */ = {isa = PBXFileReference; lastKnownFileType = file.xib; name = Base; path = Base.lproj/LaunchScreen.xib; sourceTree = "<group>"; };
		8E08C56C1B7B118E00CA803E /* NewReachableTestTests.xctest */ = {isa = PBXFileReference; explicitFileType = wrapper.cfbundle; includeInIndex = 0; path = NewReachableTestTests.xctest; sourceTree = BUILT_PRODUCTS_DIR; };
		8E08C5711B7B118E00CA803E /* Info.plist */ = {isa = PBXFileReference; lastKnownFileType = text.plist.xml; path = Info.plist; sourceTree = "<group>"; };
		8E08C5721B7B118E00CA803E /* NewReachableTestTests.m */ = {isa = PBXFileReference; lastKnownFileType = sourcecode.c.objc; path = NewReachableTestTests.m; sourceTree = "<group>"; };
/* End PBXFileReference section */

/* Begin PBXFrameworksBuildPhase section */
		8E08C5501B7B118E00CA803E /* Frameworks */ = {
			isa = PBXFrameworksBuildPhase;
			buildActionMask = 2147483647;
			files = (
			);
			runOnlyForDeploymentPostprocessing = 0;
		};
		8E08C5691B7B118E00CA803E /* Frameworks */ = {
			isa = PBXFrameworksBuildPhase;
			buildActionMask = 2147483647;
			files = (
			);
			runOnlyForDeploymentPostprocessing = 0;
		};
/* End PBXFrameworksBuildPhase section */

/* Begin PBXGroup section */
		8E08C54A1B7B118D00CA803E = {
			isa = PBXGroup;
			children = (
				8E08C5551B7B118E00CA803E /* NewReachableTest */,
				8E08C56F1B7B118E00CA803E /* NewReachableTestTests */,
				8E08C5541B7B118E00CA803E /* Products */,
			);
			sourceTree = "<group>";
		};
		8E08C5541B7B118E00CA803E /* Products */ = {
			isa = PBXGroup;
			children = (
				8E08C5531B7B118E00CA803E /* NewReachableTest.app */,
				8E08C56C1B7B118E00CA803E /* NewReachableTestTests.xctest */,
			);
			name = Products;
			sourceTree = "<group>";
		};
		8E08C5551B7B118E00CA803E /* NewReachableTest */ = {
			isa = PBXGroup;
			children = (
				8E08C55A1B7B118E00CA803E /* AppDelegate.h */,
				8E08C55B1B7B118E00CA803E /* AppDelegate.m */,
				8E08C55D1B7B118E00CA803E /* ViewController.h */,
				8E08C55E1B7B118E00CA803E /* ViewController.m */,
				8E08C5601B7B118E00CA803E /* Main.storyboard */,
				8E08C5631B7B118E00CA803E /* Images.xcassets */,
				8E08C5651B7B118E00CA803E /* LaunchScreen.xib */,
				8E08C5561B7B118E00CA803E /* Supporting Files */,
			);
			path = NewReachableTest;
			sourceTree = "<group>";
		};
		8E08C5561B7B118E00CA803E /* Supporting Files */ = {
			isa = PBXGroup;
			children = (
				8E08C5571B7B118E00CA803E /* Info.plist */,
				8E08C5581B7B118E00CA803E /* main.m */,
			);
			name = "Supporting Files";
			sourceTree = "<group>";
		};
		8E08C56F1B7B118E00CA803E /* NewReachableTestTests */ = {
			isa = PBXGroup;
			children = (
				8E08C5721B7B118E00CA803E /* NewReachableTestTests.m */,
				8E08C5701B7B118E00CA803E /* Supporting Files */,
			);
			path = NewReachableTestTests;
			sourceTree = "<group>";
		};
		8E08C5701B7B118E00CA803E /* Supporting Files */ = {
			isa = PBXGroup;
			children = (
				8E08C5711B7B118E00CA803E /* Info.plist */,
			);
			name = "Supporting Files";
			sourceTree = "<group>";
		};
/* End PBXGroup section */

/* Begin PBXNativeTarget section */
		8E08C5521B7B118E00CA803E /* NewReachableTest */ = {
			isa = PBXNativeTarget;
			buildConfigurationList = 8E08C5761B7B118E00CA803E /* Build configuration list for PBXNativeTarget "NewReachableTest" */;
			buildPhases = (
				8E08C54F1B7B118E00CA803E /* Sources */,
				8E08C5501B7B118E00CA803E /* Frameworks */,
				8E08C5511B7B118E00CA803E /* Resources */,
			);
			buildRules = (
			);
			dependencies = (
			);
			name = NewReachableTest;
			productName = NewReachableTest;
			productReference = 8E08C5531B7B118E00CA803E /* NewReachableTest.app */;
			productType = "com.apple.product-type.application";
		};
		8E08C56B1B7B118E00CA803E /* NewReachableTestTests */ = {
			isa = PBXNativeTarget;
			buildConfigurationList = 8E08C5791B7B118E00CA803E /* Build configuration list for PBXNativeTarget "NewReachableTestTests" */;
			buildPhases = (
				8E08C5681B7B118E00CA803E /* Sources */,
				8E08C5691B7B118E00CA803E /* Frameworks */,
				8E08C56A1B7B118E00CA803E /* Resources */,
			);
			buildRules = (
			);
			dependencies = (
				8E08C56E1B7B118E00CA803E /* PBXTargetDependency */,
			);
			name = NewReachableTestTests;
			productName = NewReachableTestTests;
			productReference = 8E08C56C1B7B118E00CA803E /* NewReachableTestTests.xctest */;
			productType = "com.apple.product-type.bundle.unit-test";
		};
/* End PBXNativeTarget section */

/* Begin PBXProject section */
		8E08C54B1B7B118D00CA803E /* Project object */ = {
			isa = PBXProject;
			attributes = {
				LastUpgradeCheck = 0620;
				ORGANIZATIONNAME = jacky;
				TargetAttributes = {
					8E08C5521B7B118E00CA803E = {
						CreatedOnToolsVersion = 6.2;
					};
					8E08C56B1B7B118E00CA803E = {
						CreatedOnToolsVersion = 6.2;
						TestTargetID = 8E08C5521B7B118E00CA803E;
					};
				};
			};
			buildConfigurationList = 8E08C54E1B7B118D00CA803E /* Build configuration list for PBXProject "NewReachableTest" */;
			compatibilityVersion = "Xcode 3.2";
			developmentRegion = English;
			hasScannedForEncodings = 0;
			knownRegions = (
				en,
				Base,
			);
			mainGroup = 8E08C54A1B7B118D00CA803E;
			productRefGroup = 8E08C5541B7B118E00CA803E /* Products */;
			projectDirPath = "";
			projectRoot = "";
			targets = (
				8E08C5521B7B118E00CA803E /* NewReachableTest */,
				8E08C56B1B7B118E00CA803E /* NewReachableTestTests */,
			);
		};
/* End PBXProject section */

/* Begin PBXResourcesBuildPhase section */
		8E08C5511B7B118E00CA803E /* Resources */ = {
			isa = PBXResourcesBuildPhase;
			buildActionMask = 2147483647;
			files = (
				8E08C5621B7B118E00CA803E /* Main.storyboard in Resources */,
				8E08C5671B7B118E00CA803E /* LaunchScreen.xib in Resources */,
				8E08C5641B7B118E00CA803E /* Images.xcassets in Resources */,
			);
			runOnlyForDeploymentPostprocessing = 0;
		};
		8E08C56A1B7B118E00CA803E /* Resources */ = {
			isa = PBXResourcesBuildPhase;
			buildActionMask = 2147483647;
			files = (
			);
			runOnlyForDeploymentPostprocessing = 0;
		};
/* End PBXResourcesBuildPhase section */

/* Begin PBXSourcesBuildPhase section */
		8E08C54F1B7B118E00CA803E /* Sources */ = {
			isa = PBXSourcesBuildPhase;
			buildActionMask = 2147483647;
			files = (
				8E08C55F1B7B118E00CA803E /* ViewController.m in Sources */,
				8E08C55C1B7B118E00CA803E /* AppDelegate.m in Sources */,
				8E08C5591B7B118E00CA803E /* main.m in Sources */,
			);
			runOnlyForDeploymentPostprocessing = 0;
		};
		8E08C5681B7B118E00CA803E /* Sources */ = {
			isa = PBXSourcesBuildPhase;
			buildActionMask = 2147483647;
			files = (
				8E08C5731B7B118E00CA803E /* NewReachableTestTests.m in Sources */,
			);
			runOnlyForDeploymentPostprocessing = 0;
		};
/* End PBXSourcesBuildPhase section */

/* Begin PBXTargetDependency section */
		8E08C56E1B7B118E00CA803E /* PBXTargetDependency */ = {
			isa = PBXTargetDependency;
			target = 8E08C5521B7B118E00CA803E /* NewReachableTest */;
			targetProxy = 8E08C56D1B7B118E00CA803E /* PBXContainerItemProxy */;
		};
/* End PBXTargetDependency section */

/* Begin PBXVariantGroup section */
		8E08C5601B7B118E00CA803E /* Main.storyboard */ = {
			isa = PBXVariantGroup;
			children = (
				8E08C5611B7B118E00CA803E /* Base */,
			);
			name = Main.storyboard;
			sourceTree = "<group>";
		};
		8E08C5651B7B118E00CA803E /* LaunchScreen.xib */ = {
			isa = PBXVariantGroup;
			children = (
				8E08C5661B7B118E00CA803E /* Base */,
			);
			name = LaunchScreen.xib;
			sourceTree = "<group>";
		};
/* End PBXVariantGroup section */

/* Begin XCBuildConfiguration section */
		8E08C5741B7B118E00CA803E /* Debug */ = {
			isa = XCBuildConfiguration;
			buildSettings = {
				ALWAYS_SEARCH_USER_PATHS = NO;
				CLANG_CXX_LANGUAGE_STANDARD = "gnu++0x";
				CLANG_CXX_LIBRARY = "libc++";
				CLANG_ENABLE_MODULES = YES;
				CLANG_ENABLE_OBJC_ARC = YES;
				CLANG_WARN_BOOL_CONVERSION = YES;
				CLANG_WARN_CONSTANT_CONVERSION = YES;
				CLANG_WARN_DIRECT_OBJC_ISA_USAGE = YES_ERROR;
				CLANG_WARN_EMPTY_BODY = YES;
				CLANG_WARN_ENUM_CONVERSION = YES;
				CLANG_WARN_INT_CONVERSION = YES;
				CLANG_WARN_OBJC_ROOT_CLASS = YES_ERROR;
				CLANG_WARN_UNREACHABLE_CODE = YES;
				CLANG_WARN__DUPLICATE_METHOD_MATCH = YES;
				"CODE_SIGN_IDENTITY[sdk=iphoneos*]" = "iPhone Developer";
				COPY_PHASE_STRIP = NO;
				ENABLE_STRICT_OBJC_MSGSEND = YES;
				GCC_C_LANGUAGE_STANDARD = gnu99;
				GCC_DYNAMIC_NO_PIC = NO;
				GCC_OPTIMIZATION_LEVEL = 0;
				GCC_PREPROCESSOR_DEFINITIONS = (
					"DEBUG=1",
					"$(inherited)",
				);
				GCC_SYMBOLS_PRIVATE_EXTERN = NO;
				GCC_WARN_64_TO_32_BIT_CONVERSION = YES;
				GCC_WARN_ABOUT_RETURN_TYPE = YES_ERROR;
				GCC_WARN_UNDECLARED_SELECTOR = YES;
				GCC_WARN_UNINITIALIZED_AUTOS = YES_AGGRESSIVE;
				GCC_WARN_UNUSED_FUNCTION = YES;
				GCC_WARN_UNUSED_VARIABLE = YES;
				IPHONEOS_DEPLOYMENT_TARGET = 8.2;
				MTL_ENABLE_DEBUG_INFO = YES;
				ONLY_ACTIVE_ARCH = YES;
				SDKROOT = iphoneos;
			};
			name = Debug;
		};
		8E08C5751B7B118E00CA803E /* Release */ = {
			isa = XCBuildConfiguration;
			buildSettings = {
				ALWAYS_SEARCH_USER_PATHS = NO;
				CLANG_CXX_LANGUAGE_STANDARD = "gnu++0x";
				CLANG_CXX_LIBRARY = "libc++";
				CLANG_ENABLE_MODULES = YES;
				CLANG_ENABLE_OBJC_ARC = YES;
				CLANG_WARN_BOOL_CONVERSION = YES;
				CLANG_WARN_CONSTANT_CONVERSION = YES;
				CLANG_WARN_DIRECT_OBJC_ISA_USAGE = YES_ERROR;
				CLANG_WARN_EMPTY_BODY = YES;
				CLANG_WARN_ENUM_CONVERSION = YES;
				CLANG_WARN_INT_CONVERSION = YES;
				CLANG_WARN_OBJC_ROOT_CLASS = YES_ERROR;
				CLANG_WARN_UNREACHABLE_CODE = YES;
				CLANG_WARN__DUPLICATE_METHOD_MATCH = YES;
				"CODE_SIGN_IDENTITY[sdk=iphoneos*]" = "iPhone Developer";
				COPY_PHASE_STRIP = NO;
				ENABLE_NS_ASSERTIONS = NO;
				ENABLE_STRICT_OBJC_MSGSEND = YES;
				GCC_C_LANGUAGE_STANDARD = gnu99;
				GCC_WARN_64_TO_32_BIT_CONVERSION = YES;
				GCC_WARN_ABOUT_RETURN_TYPE = YES_ERROR;
				GCC_WARN_UNDECLARED_SELECTOR = YES;
				GCC_WARN_UNINITIALIZED_AUTOS = YES_AGGRESSIVE;
				GCC_WARN_UNUSED_FUNCTION = YES;
				GCC_WARN_UNUSED_VARIABLE = YES;
				IPHONEOS_DEPLOYMENT_TARGET = 8.2;
				MTL_ENABLE_DEBUG_INFO = NO;
				SDKROOT = iphoneos;
				VALIDATE_PRODUCT = YES;
			};
			name = Release;
		};
		8E08C5771B7B118E00CA803E /* Debug */ = {
			isa = XCBuildConfiguration;
			buildSettings = {
				ASSETCATALOG_COMPILER_APPICON_NAME = AppIcon;
				INFOPLIST_FILE = NewReachableTest/Info.plist;
				LD_RUNPATH_SEARCH_PATHS = "$(inherited) @executable_path/Frameworks";
				PRODUCT_NAME = "$(TARGET_NAME)";
			};
			name = Debug;
		};
		8E08C5781B7B118E00CA803E /* Release */ = {
			isa = XCBuildConfiguration;
			buildSettings = {
				ASSETCATALOG_COMPILER_APPICON_NAME = AppIcon;
				INFOPLIST_FILE = NewReachableTest/Info.plist;
				LD_RUNPATH_SEARCH_PATHS = "$(inherited) @executable_path/Frameworks";
				PRODUCT_NAME = "$(TARGET_NAME)";
			};
			name = Release;
		};
		8E08C57A1B7B118E00CA803E /* Debug */ = {
			isa = XCBuildConfiguration;
			buildSettings = {
				BUNDLE_LOADER = "$(TEST_HOST)";
				FRAMEWORK_SEARCH_PATHS = (
					"$(SDKROOT)/Developer/Library/Frameworks",
					"$(inherited)",
				);
				GCC_PREPROCESSOR_DEFINITIONS = (
					"DEBUG=1",
					"$(inherited)",
				);
				INFOPLIST_FILE = NewReachableTestTests/Info.plist;
				LD_RUNPATH_SEARCH_PATHS = "$(inherited) @executable_path/Frameworks @loader_path/Frameworks";
				PRODUCT_NAME = "$(TARGET_NAME)";
				TEST_HOST = "$(BUILT_PRODUCTS_DIR)/NewReachableTest.app/NewReachableTest";
			};
			name = Debug;
		};
		8E08C57B1B7B118E00CA803E /* Release */ = {
			isa = XCBuildConfiguration;
			buildSettings = {
				BUNDLE_LOADER = "$(TEST_HOST)";
				FRAMEWORK_SEARCH_PATHS = (
					"$(SDKROOT)/Developer/Library/Frameworks",
					"$(inherited)",
				);
				INFOPLIST_FILE = NewReachableTestTests/Info.plist;
				LD_RUNPATH_SEARCH_PATHS = "$(inherited) @executable_path/Frameworks @loader_path/Frameworks";
				PRODUCT_NAME = "$(TARGET_NAME)";
				TEST_HOST = "$(BUILT_PRODUCTS_DIR)/NewReachableTest.app/NewReachableTest";
			};
			name = Release;
		};
/* End XCBuildConfiguration section */

/* Begin XCConfigurationList section */
		8E08C54E1B7B118D00CA803E /* Build configuration list for PBXProject "NewReachableTest" */ = {
			isa = XCConfigurationList;
			buildConfigurations = (
				8E08C5741B7B118E00CA803E /* Debug */,
				8E08C5751B7B118E00CA803E /* Release */,
			);
			defaultConfigurationIsVisible = 0;
			defaultConfigurationName = Release;
		};
		8E08C5761B7B118E00CA803E /* Build configuration list for PBXNativeTarget "NewReachableTest" */ = {
			isa = XCConfigurationList;
			buildConfigurations = (
				8E08C5771B7B118E00CA803E /* Debug */,
				8E08C5781B7B118E00CA803E /* Release */,
			);
			defaultConfigurationIsVisible = 0;
		};
		8E08C5791B7B118E00CA803E /* Build configuration list for PBXNativeTarget "NewReachableTestTests" */ = {
			isa = XCConfigurationList;
			buildConfigurations = (
				8E08C57A1B7B118E00CA803E /* Debug */,
				8E08C57B1B7B118E00CA803E /* Release */,
			);
			defaultConfigurationIsVisible = 0;
		};
/* End XCConfigurationList section */
	};
	rootObject = 8E08C54B1B7B118D00CA803E /* Project object */;
}
